// !$*UTF8*$!
{
	archiveVersion = 1;
	classes = {
	};
	objectVersion = 50;
	objects = {

/* Begin PBXBuildFile section */
		6A805BE124DBEAB9003D736B /* AppDelegate.swift in Sources */ = {isa = PBXBuildFile; fileRef = 6A805BE024DBEAB9003D736B /* AppDelegate.swift */; };
		6A805BE324DBEAB9003D736B /* SceneDelegate.swift in Sources */ = {isa = PBXBuildFile; fileRef = 6A805BE224DBEAB9003D736B /* SceneDelegate.swift */; };
		6A805BE524DBEAB9003D736B /* ViewController.swift in Sources */ = {isa = PBXBuildFile; fileRef = 6A805BE424DBEAB9003D736B /* ViewController.swift */; };
		6A805BE824DBEAB9003D736B /* Main.storyboard in Resources */ = {isa = PBXBuildFile; fileRef = 6A805BE624DBEAB9003D736B /* Main.storyboard */; };
		6A805BEA24DBEABD003D736B /* Assets.xcassets in Resources */ = {isa = PBXBuildFile; fileRef = 6A805BE924DBEABD003D736B /* Assets.xcassets */; };
		6A805BED24DBEABD003D736B /* LaunchScreen.storyboard in Resources */ = {isa = PBXBuildFile; fileRef = 6A805BEB24DBEABD003D736B /* LaunchScreen.storyboard */; };
		6A805BF824DBEABE003D736B /* demoTests.swift in Sources */ = {isa = PBXBuildFile; fileRef = 6A805BF724DBEABE003D736B /* demoTests.swift */; };
		6A805C0324DBEABE003D736B /* demoUITests.swift in Sources */ = {isa = PBXBuildFile; fileRef = 6A805C0224DBEABE003D736B /* demoUITests.swift */; };
/* End PBXBuildFile section */

/* Begin PBXContainerItemProxy section */
		6A805BF424DBEABE003D736B /* PBXContainerItemProxy */ = {
			isa = PBXContainerItemProxy;
			containerPortal = 6A805BD524DBEAB9003D736B /* Project object */;
			proxyType = 1;
			remoteGlobalIDString = 6A805BDC24DBEAB9003D736B;
			remoteInfo = demo;
		};
		6A805BFF24DBEABE003D736B /* PBXContainerItemProxy */ = {
			isa = PBXContainerItemProxy;
			containerPortal = 6A805BD524DBEAB9003D736B /* Project object */;
			proxyType = 1;
			remoteGlobalIDString = 6A805BDC24DBEAB9003D736B;
			remoteInfo = demo;
		};
/* End PBXContainerItemProxy section */

/* Begin PBXFileReference section */
		6A805BDD24DBEAB9003D736B /* demo.app */ = {isa = PBXFileReference; explicitFileType = wrapper.application; includeInIndex = 0; path = demo.app; sourceTree = BUILT_PRODUCTS_DIR; };
		6A805BE024DBEAB9003D736B /* AppDelegate.swift */ = {isa = PBXFileReference; lastKnownFileType = sourcecode.swift; path = AppDelegate.swift; sourceTree = "<group>"; };
		6A805BE224DBEAB9003D736B /* SceneDelegate.swift */ = {isa = PBXFileReference; lastKnownFileType = sourcecode.swift; path = SceneDelegate.swift; sourceTree = "<group>"; };
		6A805BE424DBEAB9003D736B /* ViewController.swift */ = {isa = PBXFileReference; lastKnownFileType = sourcecode.swift; path = ViewController.swift; sourceTree = "<group>"; };
		6A805BE724DBEAB9003D736B /* Base */ = {isa = PBXFileReference; lastKnownFileType = file.storyboard; name = Base; path = Base.lproj/Main.storyboard; sourceTree = "<group>"; };
		6A805BE924DBEABD003D736B /* Assets.xcassets */ = {isa = PBXFileReference; lastKnownFileType = folder.assetcatalog; path = Assets.xcassets; sourceTree = "<group>"; };
		6A805BEC24DBEABD003D736B /* Base */ = {isa = PBXFileReference; lastKnownFileType = file.storyboard; name = Base; path = Base.lproj/LaunchScreen.storyboard; sourceTree = "<group>"; };
		6A805BEE24DBEABD003D736B /* Info.plist */ = {isa = PBXFileReference; lastKnownFileType = text.plist.xml; path = Info.plist; sourceTree = "<group>"; };
		6A805BF324DBEABE003D736B /* demoTests.xctest */ = {isa = PBXFileReference; explicitFileType = wrapper.cfbundle; includeInIndex = 0; path = demoTests.xctest; sourceTree = BUILT_PRODUCTS_DIR; };
		6A805BF724DBEABE003D736B /* demoTests.swift */ = {isa = PBXFileReference; lastKnownFileType = sourcecode.swift; path = demoTests.swift; sourceTree = "<group>"; };
		6A805BF924DBEABE003D736B /* Info.plist */ = {isa = PBXFileReference; lastKnownFileType = text.plist.xml; path = Info.plist; sourceTree = "<group>"; };
		6A805BFE24DBEABE003D736B /* demoUITests.xctest */ = {isa = PBXFileReference; explicitFileType = wrapper.cfbundle; includeInIndex = 0; path = demoUITests.xctest; sourceTree = BUILT_PRODUCTS_DIR; };
		6A805C0224DBEABE003D736B /* demoUITests.swift */ = {isa = PBXFileReference; lastKnownFileType = sourcecode.swift; path = demoUITests.swift; sourceTree = "<group>"; };
		6A805C0424DBEABE003D736B /* Info.plist */ = {isa = PBXFileReference; lastKnownFileType = text.plist.xml; path = Info.plist; sourceTree = "<group>"; };
/* End PBXFileReference section */

/* Begin PBXFrameworksBuildPhase section */
		6A805BDA24DBEAB9003D736B /* Frameworks */ = {
			isa = PBXFrameworksBuildPhase;
			buildActionMask = 2147483647;
			files = (
			);
			runOnlyForDeploymentPostprocessing = 0;
		};
		6A805BF024DBEABE003D736B /* Frameworks */ = {
			isa = PBXFrameworksBuildPhase;
			buildActionMask = 2147483647;
			files = (
			);
			runOnlyForDeploymentPostprocessing = 0;
		};
		6A805BFB24DBEABE003D736B /* Frameworks */ = {
			isa = PBXFrameworksBuildPhase;
			buildActionMask = 2147483647;
			files = (
			);
			runOnlyForDeploymentPostprocessing = 0;
		};
/* End PBXFrameworksBuildPhase section */

/* Begin PBXGroup section */
		6A805BD424DBEAB9003D736B = {
			isa = PBXGroup;
			children = (
				6A805BDF24DBEAB9003D736B /* demo */,
				6A805BF624DBEABE003D736B /* demoTests */,
				6A805C0124DBEABE003D736B /* demoUITests */,
				6A805BDE24DBEAB9003D736B /* Products */,
			);
			sourceTree = "<group>";
		};
		6A805BDE24DBEAB9003D736B /* Products */ = {
			isa = PBXGroup;
			children = (
				6A805BDD24DBEAB9003D736B /* demo.app */,
				6A805BF324DBEABE003D736B /* demoTests.xctest */,
				6A805BFE24DBEABE003D736B /* demoUITests.xctest */,
			);
			name = Products;
			sourceTree = "<group>";
		};
		6A805BDF24DBEAB9003D736B /* demo */ = {
			isa = PBXGroup;
			children = (
				6A805BE024DBEAB9003D736B /* AppDelegate.swift */,
				6A805BE224DBEAB9003D736B /* SceneDelegate.swift */,
				6A805BE424DBEAB9003D736B /* ViewController.swift */,
				6A805BE624DBEAB9003D736B /* Main.storyboard */,
				6A805BE924DBEABD003D736B /* Assets.xcassets */,
				6A805BEB24DBEABD003D736B /* LaunchScreen.storyboard */,
				6A805BEE24DBEABD003D736B /* Info.plist */,
			);
			path = demo;
			sourceTree = "<group>";
		};
		6A805BF624DBEABE003D736B /* demoTests */ = {
			isa = PBXGroup;
			children = (
				6A805BF724DBEABE003D736B /* demoTests.swift */,
				6A805BF924DBEABE003D736B /* Info.plist */,
			);
			path = demoTests;
			sourceTree = "<group>";
		};
		6A805C0124DBEABE003D736B /* demoUITests */ = {
			isa = PBXGroup;
			children = (
				6A805C0224DBEABE003D736B /* demoUITests.swift */,
				6A805C0424DBEABE003D736B /* Info.plist */,
			);
			path = demoUITests;
			sourceTree = "<group>";
		};
/* End PBXGroup section */

/* Begin PBXNativeTarget section */
		6A805BDC24DBEAB9003D736B /* demo */ = {
			isa = PBXNativeTarget;
			buildConfigurationList = 6A805C0724DBEABE003D736B /* Build configuration list for PBXNativeTarget "demo" */;
			buildPhases = (
				6A805BD924DBEAB9003D736B /* Sources */,
				6A805BDA24DBEAB9003D736B /* Frameworks */,
				6A805BDB24DBEAB9003D736B /* Resources */,
			);
			buildRules = (
			);
			dependencies = (
			);
			name = demo;
			productName = demo;
			productReference = 6A805BDD24DBEAB9003D736B /* demo.app */;
			productType = "com.apple.product-type.application";
		};
		6A805BF224DBEABE003D736B /* demoTests */ = {
			isa = PBXNativeTarget;
			buildConfigurationList = 6A805C0A24DBEABE003D736B /* Build configuration list for PBXNativeTarget "demoTests" */;
			buildPhases = (
				6A805BEF24DBEABE003D736B /* Sources */,
				6A805BF024DBEABE003D736B /* Frameworks */,
				6A805BF124DBEABE003D736B /* Resources */,
			);
			buildRules = (
			);
			dependencies = (
				6A805BF524DBEABE003D736B /* PBXTargetDependency */,
			);
			name = demoTests;
			productName = demoTests;
			productReference = 6A805BF324DBEABE003D736B /* demoTests.xctest */;
			productType = "com.apple.product-type.bundle.unit-test";
		};
		6A805BFD24DBEABE003D736B /* demoUITests */ = {
			isa = PBXNativeTarget;
			buildConfigurationList = 6A805C0D24DBEABE003D736B /* Build configuration list for PBXNativeTarget "demoUITests" */;
			buildPhases = (
				6A805BFA24DBEABE003D736B /* Sources */,
				6A805BFB24DBEABE003D736B /* Frameworks */,
				6A805BFC24DBEABE003D736B /* Resources */,
			);
			buildRules = (
			);
			dependencies = (
				6A805C0024DBEABE003D736B /* PBXTargetDependency */,
			);
			name = demoUITests;
			productName = demoUITests;
			productReference = 6A805BFE24DBEABE003D736B /* demoUITests.xctest */;
			productType = "com.apple.product-type.bundle.ui-testing";
		};
/* End PBXNativeTarget section */

/* Begin PBXProject section */
		6A805BD524DBEAB9003D736B /* Project object */ = {
			isa = PBXProject;
			attributes = {
				LastSwiftUpdateCheck = 1200;
				LastUpgradeCheck = 1200;
				TargetAttributes = {
					6A805BDC24DBEAB9003D736B = {
						CreatedOnToolsVersion = 12.0;
					};
					6A805BF224DBEABE003D736B = {
						CreatedOnToolsVersion = 12.0;
						TestTargetID = 6A805BDC24DBEAB9003D736B;
					};
					6A805BFD24DBEABE003D736B = {
						CreatedOnToolsVersion = 12.0;
						TestTargetID = 6A805BDC24DBEAB9003D736B;
					};
				};
			};
			buildConfigurationList = 6A805BD824DBEAB9003D736B /* Build configuration list for PBXProject "demo" */;
			compatibilityVersion = "Xcode 9.3";
			developmentRegion = en;
			hasScannedForEncodings = 0;
			knownRegions = (
				en,
				Base,
			);
			mainGroup = 6A805BD424DBEAB9003D736B;
			productRefGroup = 6A805BDE24DBEAB9003D736B /* Products */;
			projectDirPath = "";
			projectRoot = "";
			targets = (
				6A805BDC24DBEAB9003D736B /* demo */,
				6A805BF224DBEABE003D736B /* demoTests */,
				6A805BFD24DBEABE003D736B /* demoUITests */,
			);
		};
/* End PBXProject section */

/* Begin PBXResourcesBuildPhase section */
		6A805BDB24DBEAB9003D736B /* Resources */ = {
			isa = PBXResourcesBuildPhase;
			buildActionMask = 2147483647;
			files = (
				6A805BED24DBEABD003D736B /* LaunchScreen.storyboard in Resources */,
				6A805BEA24DBEABD003D736B /* Assets.xcassets in Resources */,
				6A805BE824DBEAB9003D736B /* Main.storyboard in Resources */,
			);
			runOnlyForDeploymentPostprocessing = 0;
		};
		6A805BF124DBEABE003D736B /* Resources */ = {
			isa = PBXResourcesBuildPhase;
			buildActionMask = 2147483647;
			files = (
			);
			runOnlyForDeploymentPostprocessing = 0;
		};
		6A805BFC24DBEABE003D736B /* Resources */ = {
			isa = PBXResourcesBuildPhase;
			buildActionMask = 2147483647;
			files = (
			);
			runOnlyForDeploymentPostprocessing = 0;
		};
/* End PBXResourcesBuildPhase section */

/* Begin PBXSourcesBuildPhase section */
		6A805BD924DBEAB9003D736B /* Sources */ = {
			isa = PBXSourcesBuildPhase;
			buildActionMask = 2147483647;
			files = (
				6A805BE524DBEAB9003D736B /* ViewController.swift in Sources */,
				6A805BE124DBEAB9003D736B /* AppDelegate.swift in Sources */,
				6A805BE324DBEAB9003D736B /* SceneDelegate.swift in Sources */,
			);
			runOnlyForDeploymentPostprocessing = 0;
		};
		6A805BEF24DBEABE003D736B /* Sources */ = {
			isa = PBXSourcesBuildPhase;
			buildActionMask = 2147483647;
			files = (
				6A805BF824DBEABE003D736B /* demoTests.swift in Sources */,
			);
			runOnlyForDeploymentPostprocessing = 0;
		};
		6A805BFA24DBEABE003D736B /* Sources */ = {
			isa = PBXSourcesBuildPhase;
			buildActionMask = 2147483647;
			files = (
				6A805C0324DBEABE003D736B /* demoUITests.swift in Sources */,
			);
			runOnlyForDeploymentPostprocessing = 0;
		};
/* End PBXSourcesBuildPhase section */

/* Begin PBXTargetDependency section */
		6A805BF524DBEABE003D736B /* PBXTargetDependency */ = {
			isa = PBXTargetDependency;
			target = 6A805BDC24DBEAB9003D736B /* demo */;
			targetProxy = 6A805BF424DBEABE003D736B /* PBXContainerItemProxy */;
		};
		6A805C0024DBEABE003D736B /* PBXTargetDependency */ = {
			isa = PBXTargetDependency;
			target = 6A805BDC24DBEAB9003D736B /* demo */;
			targetProxy = 6A805BFF24DBEABE003D736B /* PBXContainerItemProxy */;
		};
/* End PBXTargetDependency section */

/* Begin PBXVariantGroup section */
		6A805BE624DBEAB9003D736B /* Main.storyboard */ = {
			isa = PBXVariantGroup;
			children = (
				6A805BE724DBEAB9003D736B /* Base */,
			);
			name = Main.storyboard;
			sourceTree = "<group>";
		};
		6A805BEB24DBEABD003D736B /* LaunchScreen.storyboard */ = {
			isa = PBXVariantGroup;
			children = (
				6A805BEC24DBEABD003D736B /* Base */,
			);
			name = LaunchScreen.storyboard;
			sourceTree = "<group>";
		};
/* End PBXVariantGroup section */

/* Begin XCBuildConfiguration section */
		6A805C0524DBEABE003D736B /* Debug */ = {
			isa = XCBuildConfiguration;
			buildSettings = {
				ALWAYS_SEARCH_USER_PATHS = NO;
				CLANG_ANALYZER_NONNULL = YES;
				CLANG_ANALYZER_NUMBER_OBJECT_CONVERSION = YES_AGGRESSIVE;
				CLANG_CXX_LANGUAGE_STANDARD = "gnu++14";
				CLANG_CXX_LIBRARY = "libc++";
				CLANG_ENABLE_MODULES = YES;
				CLANG_ENABLE_OBJC_ARC = YES;
				CLANG_ENABLE_OBJC_WEAK = YES;
				CLANG_WARN_BLOCK_CAPTURE_AUTORELEASING = YES;
				CLANG_WARN_BOOL_CONVERSION = YES;
				CLANG_WARN_COMMA = YES;
				CLANG_WARN_CONSTANT_CONVERSION = YES;
				CLANG_WARN_DEPRECATED_OBJC_IMPLEMENTATIONS = YES;
				CLANG_WARN_DIRECT_OBJC_ISA_USAGE = YES_ERROR;
				CLANG_WARN_DOCUMENTATION_COMMENTS = YES;
				CLANG_WARN_EMPTY_BODY = YES;
				CLANG_WARN_ENUM_CONVERSION = YES;
				CLANG_WARN_INFINITE_RECURSION = YES;
				CLANG_WARN_INT_CONVERSION = YES;
				CLANG_WARN_NON_LITERAL_NULL_CONVERSION = YES;
				CLANG_WARN_OBJC_IMPLICIT_RETAIN_SELF = YES;
				CLANG_WARN_OBJC_LITERAL_CONVERSION = YES;
				CLANG_WARN_OBJC_ROOT_CLASS = YES_ERROR;
				CLANG_WARN_QUOTED_INCLUDE_IN_FRAMEWORK_HEADER = YES;
				CLANG_WARN_RANGE_LOOP_ANALYSIS = YES;
				CLANG_WARN_STRICT_PROTOTYPES = YES;
				CLANG_WARN_SUSPICIOUS_MOVE = YES;
				CLANG_WARN_UNGUARDED_AVAILABILITY = YES_AGGRESSIVE;
				CLANG_WARN_UNREACHABLE_CODE = YES;
				CLANG_WARN__DUPLICATE_METHOD_MATCH = YES;
				COPY_PHASE_STRIP = NO;
				DEBUG_INFORMATION_FORMAT = dwarf;
				ENABLE_STRICT_OBJC_MSGSEND = YES;
				ENABLE_TESTABILITY = YES;
				GCC_C_LANGUAGE_STANDARD = gnu11;
				GCC_DYNAMIC_NO_PIC = NO;
				GCC_NO_COMMON_BLOCKS = YES;
				GCC_OPTIMIZATION_LEVEL = 0;
				GCC_PREPROCESSOR_DEFINITIONS = (
					"DEBUG=1",
					"$(inherited)",
				);
				GCC_WARN_64_TO_32_BIT_CONVERSION = YES;
				GCC_WARN_ABOUT_RETURN_TYPE = YES_ERROR;
				GCC_WARN_UNDECLARED_SELECTOR = YES;
				GCC_WARN_UNINITIALIZED_AUTOS = YES_AGGRESSIVE;
				GCC_WARN_UNUSED_FUNCTION = YES;
				GCC_WARN_UNUSED_VARIABLE = YES;
				IPHONEOS_DEPLOYMENT_TARGET = 14.0;
				MTL_ENABLE_DEBUG_INFO = INCLUDE_SOURCE;
				MTL_FAST_MATH = YES;
				ONLY_ACTIVE_ARCH = YES;
				SDKROOT = iphoneos;
				SWIFT_ACTIVE_COMPILATION_CONDITIONS = DEBUG;
				SWIFT_OPTIMIZATION_LEVEL = "-Onone";
			};
			name = Debug;
		};
		6A805C0624DBEABE003D736B /* Release */ = {
			isa = XCBuildConfiguration;
			buildSettings = {
				ALWAYS_SEARCH_USER_PATHS = NO;
				CLANG_ANALYZER_NONNULL = YES;
				CLANG_ANALYZER_NUMBER_OBJECT_CONVERSION = YES_AGGRESSIVE;
				CLANG_CXX_LANGUAGE_STANDARD = "gnu++14";
				CLANG_CXX_LIBRARY = "libc++";
				CLANG_ENABLE_MODULES = YES;
				CLANG_ENABLE_OBJC_ARC = YES;
				CLANG_ENABLE_OBJC_WEAK = YES;
				CLANG_WARN_BLOCK_CAPTURE_AUTORELEASING = YES;
				CLANG_WARN_BOOL_CONVERSION = YES;
				CLANG_WARN_COMMA = YES;
				CLANG_WARN_CONSTANT_CONVERSION = YES;
				CLANG_WARN_DEPRECATED_OBJC_IMPLEMENTATIONS = YES;
				CLANG_WARN_DIRECT_OBJC_ISA_USAGE = YES_ERROR;
				CLANG_WARN_DOCUMENTATION_COMMENTS = YES;
				CLANG_WARN_EMPTY_BODY = YES;
				CLANG_WARN_ENUM_CONVERSION = YES;
				CLANG_WARN_INFINITE_RECURSION = YES;
				CLANG_WARN_INT_CONVERSION = YES;
				CLANG_WARN_NON_LITERAL_NULL_CONVERSION = YES;
				CLANG_WARN_OBJC_IMPLICIT_RETAIN_SELF = YES;
				CLANG_WARN_OBJC_LITERAL_CONVERSION = YES;
				CLANG_WARN_OBJC_ROOT_CLASS = YES_ERROR;
				CLANG_WARN_QUOTED_INCLUDE_IN_FRAMEWORK_HEADER = YES;
				CLANG_WARN_RANGE_LOOP_ANALYSIS = YES;
				CLANG_WARN_STRICT_PROTOTYPES = YES;
				CLANG_WARN_SUSPICIOUS_MOVE = YES;
				CLANG_WARN_UNGUARDED_AVAILABILITY = YES_AGGRESSIVE;
				CLANG_WARN_UNREACHABLE_CODE = YES;
				CLANG_WARN__DUPLICATE_METHOD_MATCH = YES;
				COPY_PHASE_STRIP = NO;
				DEBUG_INFORMATION_FORMAT = "dwarf-with-dsym";
				ENABLE_NS_ASSERTIONS = NO;
				ENABLE_STRICT_OBJC_MSGSEND = YES;
				GCC_C_LANGUAGE_STANDARD = gnu11;
				GCC_NO_COMMON_BLOCKS = YES;
				GCC_WARN_64_TO_32_BIT_CONVERSION = YES;
				GCC_WARN_ABOUT_RETURN_TYPE = YES_ERROR;
				GCC_WARN_UNDECLARED_SELECTOR = YES;
				GCC_WARN_UNINITIALIZED_AUTOS = YES_AGGRESSIVE;
				GCC_WARN_UNUSED_FUNCTION = YES;
				GCC_WARN_UNUSED_VARIABLE = YES;
				IPHONEOS_DEPLOYMENT_TARGET = 14.0;
				MTL_ENABLE_DEBUG_INFO = NO;
				MTL_FAST_MATH = YES;
				SDKROOT = iphoneos;
				SWIFT_COMPILATION_MODE = wholemodule;
				SWIFT_OPTIMIZATION_LEVEL = "-O";
				VALIDATE_PRODUCT = YES;
			};
			name = Release;
		};
		6A805C0824DBEABE003D736B /* Debug */ = {
			isa = XCBuildConfiguration;
			buildSettings = {
				ASSETCATALOG_COMPILER_APPICON_NAME = AppIcon;
				ASSETCATALOG_COMPILER_GLOBAL_ACCENT_COLOR_NAME = AccentColor;
				CODE_SIGN_STYLE = Automatic;
				DEVELOPMENT_TEAM = WKYYFQH356;
				INFOPLIST_FILE = demo/Info.plist;
				LD_RUNPATH_SEARCH_PATHS = (
					"$(inherited)",
					"@executable_path/Frameworks",
				);
				PRODUCT_BUNDLE_IDENTIFIER = com.yvonne4funfun.demo;
				PRODUCT_NAME = "$(TARGET_NAME)";
				SWIFT_VERSION = 5.0;
				TARGETED_DEVICE_FAMILY = "1,2";
			};
			name = Debug;
		};
		6A805C0924DBEABE003D736B /* Release */ = {
			isa = XCBuildConfiguration;
			buildSettings = {
				ASSETCATALOG_COMPILER_APPICON_NAME = AppIcon;
				ASSETCATALOG_COMPILER_GLOBAL_ACCENT_COLOR_NAME = AccentColor;
				CODE_SIGN_STYLE = Automatic;
				DEVELOPMENT_TEAM = WKYYFQH356;
				INFOPLIST_FILE = demo/Info.plist;
				LD_RUNPATH_SEARCH_PATHS = (
					"$(inherited)",
					"@executable_path/Frameworks",
				);
				PRODUCT_BUNDLE_IDENTIFIER = com.yvonne4funfun.demo;
				PRODUCT_NAME = "$(TARGET_NAME)";
				SWIFT_VERSION = 5.0;
				TARGETED_DEVICE_FAMILY = "1,2";
			};
			name = Release;
		};
		6A805C0B24DBEABE003D736B /* Debug */ = {
			isa = XCBuildConfiguration;
			buildSettings = {
				ALWAYS_EMBED_SWIFT_STANDARD_LIBRARIES = YES;
				BUNDLE_LOADER = "$(TEST_HOST)";
				CODE_SIGN_STYLE = Automatic;
				DEVELOPMENT_TEAM = WKYYFQH356;
				INFOPLIST_FILE = demoTests/Info.plist;
				IPHONEOS_DEPLOYMENT_TARGET = 14.0;
				LD_RUNPATH_SEARCH_PATHS = (
					"$(inherited)",
					"@executable_path/Frameworks",
					"@loader_path/Frameworks",
				);
				PRODUCT_BUNDLE_IDENTIFIER = com.yvonne4funfun.demoTests;
				PRODUCT_NAME = "$(TARGET_NAME)";
				SWIFT_VERSION = 5.0;
				TARGETED_DEVICE_FAMILY = "1,2";
				TEST_HOST = "$(BUILT_PRODUCTS_DIR)/demo.app/demo";
			};
			name = Debug;
		};
		6A805C0C24DBEABE003D736B /* Release */ = {
			isa = XCBuildConfiguration;
			buildSettings = {
				ALWAYS_EMBED_SWIFT_STANDARD_LIBRARIES = YES;
				BUNDLE_LOADER = "$(TEST_HOST)";
				CODE_SIGN_STYLE = Automatic;
				DEVELOPMENT_TEAM = WKYYFQH356;
				INFOPLIST_FILE = demoTests/Info.plist;
				IPHONEOS_DEPLOYMENT_TARGET = 14.0;
				LD_RUNPATH_SEARCH_PATHS = (
					"$(inherited)",
					"@executable_path/Frameworks",
					"@loader_path/Frameworks",
				);
				PRODUCT_BUNDLE_IDENTIFIER = com.yvonne4funfun.demoTests;
				PRODUCT_NAME = "$(TARGET_NAME)";
				SWIFT_VERSION = 5.0;
				TARGETED_DEVICE_FAMILY = "1,2";
				TEST_HOST = "$(BUILT_PRODUCTS_DIR)/demo.app/demo";
			};
			name = Release;
		};
		6A805C0E24DBEABE003D736B /* Debug */ = {
			isa = XCBuildConfiguration;
			buildSettings = {
				ALWAYS_EMBED_SWIFT_STANDARD_LIBRARIES = YES;
				CODE_SIGN_STYLE = Automatic;
				DEVELOPMENT_TEAM = WKYYFQH356;
				INFOPLIST_FILE = demoUITests/Info.plist;
				LD_RUNPATH_SEARCH_PATHS = (
					"$(inherited)",
					"@executable_path/Frameworks",
					"@loader_path/Frameworks",
				);
				PRODUCT_BUNDLE_IDENTIFIER = com.yvonne4funfun.demoUITests;
				PRODUCT_NAME = "$(TARGET_NAME)";
				SWIFT_VERSION = 5.0;
				TARGETED_DEVICE_FAMILY = "1,2";
				TEST_TARGET_NAME = demo;
			};
			name = Debug;
		};
		6A805C0F24DBEABE003D736B /* Release */ = {
			isa = XCBuildConfiguration;
			buildSettings = {
				ALWAYS_EMBED_SWIFT_STANDARD_LIBRARIES = YES;
				CODE_SIGN_STYLE = Automatic;
				DEVELOPMENT_TEAM = WKYYFQH356;
				INFOPLIST_FILE = demoUITests/Info.plist;
				LD_RUNPATH_SEARCH_PATHS = (
					"$(inherited)",
					"@executable_path/Frameworks",
					"@loader_path/Frameworks",
				);
				PRODUCT_BUNDLE_IDENTIFIER = com.yvonne4funfun.demoUITests;
				PRODUCT_NAME = "$(TARGET_NAME)";
				SWIFT_VERSION = 5.0;
				TARGETED_DEVICE_FAMILY = "1,2";
				TEST_TARGET_NAME = demo;
			};
			name = Release;
		};
/* End XCBuildConfiguration section */

/* Begin XCConfigurationList section */
		6A805BD824DBEAB9003D736B /* Build configuration list for PBXProject "demo" */ = {
			isa = XCConfigurationList;
			buildConfigurations = (
				6A805C0524DBEABE003D736B /* Debug */,
				6A805C0624DBEABE003D736B /* Release */,
			);
			defaultConfigurationIsVisible = 0;
			defaultConfigurationName = Release;
		};
		6A805C0724DBEABE003D736B /* Build configuration list for PBXNativeTarget "demo" */ = {
			isa = XCConfigurationList;
			buildConfigurations = (
				6A805C0824DBEABE003D736B /* Debug */,
				6A805C0924DBEABE003D736B /* Release */,
			);
			defaultConfigurationIsVisible = 0;
			defaultConfigurationName = Release;
		};
		6A805C0A24DBEABE003D736B /* Build configuration list for PBXNativeTarget "demoTests" */ = {
			isa = XCConfigurationList;
			buildConfigurations = (
				6A805C0B24DBEABE003D736B /* Debug */,
				6A805C0C24DBEABE003D736B /* Release */,
			);
			defaultConfigurationIsVisible = 0;
			defaultConfigurationName = Release;
		};
		6A805C0D24DBEABE003D736B /* Build configuration list for PBXNativeTarget "demoUITests" */ = {
			isa = XCConfigurationList;
			buildConfigurations = (
				6A805C0E24DBEABE003D736B /* Debug */,
				6A805C0F24DBEABE003D736B /* Release */,
			);
			defaultConfigurationIsVisible = 0;
			defaultConfigurationName = Release;
		};
/* End XCConfigurationList section */
	};
	rootObject = 6A805BD524DBEAB9003D736B /* Project object */;
}
